lockfileVersion: '9.0'

settings:
  autoInstallPeers: true
  excludeLinksFromLockfile: false

importers:

  .:
    dependencies:
      node-cron:
        specifier: 3.0.3
        version: 3.0.3
    devDependencies:
      '@types/node-cron':
        specifier: 3.0.11
        version: 3.0.11
      typescript:
        specifier: 5.5.3
        version: 5.5.3

packages:

  '@types/node-cron@3.0.11':
    resolution: {integrity: sha512-0ikrnug3/IyneSHqCBeslAhlK2aBfYek1fGo4bP4QnZPmiqSGRK+Oy7ZMisLWkesffJvQ1cqAcBnJC+8+nxIAg==}

  node-cron@3.0.3:
    resolution: {integrity: sha512-dOal67//nohNgYWb+nWmg5dkFdIwDm8EpeGYMekPMrngV3637lqnX0lbUcCtgibHTz6SEz7DAIjKvKDFYCnO1A==}
    engines: {node: '>=6.0.0'}

  typescript@5.5.3:
    resolution: {integrity: sha512-/hreyEujaB0w76zKo6717l3L0o/qEUtRgdvUBvlkhoWeOVMjMuHNHk0BRBzikzuGDqNmPQbg5ifMEqsHLiIUcQ==}
    engines: {node: '>=14.17'}
    hasBin: true

  uuid@8.3.2:
    resolution: {integrity: sha512-+NYs2QeMWy+GWFOEm9xnn6HCDp0l7QBD7ml8zLUmJ+93Q5NF0NocErnwkTkXVFNiX3/fpC6afS8Dhb/gz7R7eg==}
    hasBin: true

snapshots:

  '@types/node-cron@3.0.11': {}

  node-cron@3.0.3:
    dependencies:
      uuid: 8.3.2

  typescript@5.5.3: {}

  uuid@8.3.2: {}
